
Microsoft Visual Studio Solution File, Format Version 12.00
# Visual Studio Version 17
VisualStudioVersion = 17.13.35818.85
MinimumVisualStudioVersion = 10.0.40219.1
Project("{FAE04EC0-301F-11D3-BF4B-00C04F79EFBC}") = "Lab1-2", "Lab1-2\Lab1-2.csproj", "{581393CA-0472-4FC6-A87A-F3B376723B23}"
EndProject
Project("{FAE04EC0-301F-11D3-BF4B-00C04F79EFBC}") = "Lab5-6-ForTask5", "Lab5-6-ForTask5\Lab5-6-ForTask5.csproj", "{A46587C0-7C04-459B-A737-9AEF87355BE4}"
EndProject
Project("{FAE04EC0-301F-11D3-BF4B-00C04F79EFBC}") = "Lab5-6-ForTask6", "Lab5-6-ForTask6\Lab5-6-ForTask6.csproj", "{D14551FE-4A53-462D-BE12-654A3986900F}"
EndProject
Project("{FAE04EC0-301F-11D3-BF4B-00C04F79EFBC}") = "Lab7-8-ForComposite", "Lab7-8-ForComposite\Lab7-8-ForComposite.csproj", "{2132F557-34AC-4B68-B4EC-8609AD9AC0EC}"
EndProject
Project("{FAE04EC0-301F-11D3-BF4B-00C04F79EFBC}") = "Lab7-8-ForDecorator", "Lab7-8-ForDecorator\Lab7-8-ForDecorator.csproj", "{895D9820-1D53-4D5A-AE80-B3CECD91E6F3}"
EndProject
Project("{FAE04EC0-301F-11D3-BF4B-00C04F79EFBC}") = "Lab7-8-ForFacade", "Lab7-8-ForFacade\Lab7-8-ForFacade.csproj", "{1C9457D1-23E7-419A-BD14-DC2381D4BE98}"
EndProject
Project("{FAE04EC0-301F-11D3-BF4B-00C04F79EFBC}") = "Lab7-8-ForFlyweight", "Lab7-8-ForFlyweight\Lab7-8-ForFlyweight.csproj", "{B013F9B7-6FBC-479A-80AE-CC127B9DA794}"
EndProject
Global
	GlobalSection(SolutionConfigurationPlatforms) = preSolution
		Debug|Any CPU = Debug|Any CPU
		Release|Any CPU = Release|Any CPU
	EndGlobalSection
	GlobalSection(ProjectConfigurationPlatforms) = postSolution
		{581393CA-0472-4FC6-A87A-F3B376723B23}.Debug|Any CPU.ActiveCfg = Debug|Any CPU
		{581393CA-0472-4FC6-A87A-F3B376723B23}.Debug|Any CPU.Build.0 = Debug|Any CPU
		{581393CA-0472-4FC6-A87A-F3B376723B23}.Release|Any CPU.ActiveCfg = Release|Any CPU
		{581393CA-0472-4FC6-A87A-F3B376723B23}.Release|Any CPU.Build.0 = Release|Any CPU
		{A46587C0-7C04-459B-A737-9AEF87355BE4}.Debug|Any CPU.ActiveCfg = Debug|Any CPU
		{A46587C0-7C04-459B-A737-9AEF87355BE4}.Debug|Any CPU.Build.0 = Debug|Any CPU
		{A46587C0-7C04-459B-A737-9AEF87355BE4}.Release|Any CPU.ActiveCfg = Release|Any CPU
		{A46587C0-7C04-459B-A737-9AEF87355BE4}.Release|Any CPU.Build.0 = Release|Any CPU
		{D14551FE-4A53-462D-BE12-654A3986900F}.Debug|Any CPU.ActiveCfg = Debug|Any CPU
		{D14551FE-4A53-462D-BE12-654A3986900F}.Debug|Any CPU.Build.0 = Debug|Any CPU
		{D14551FE-4A53-462D-BE12-654A3986900F}.Release|Any CPU.ActiveCfg = Release|Any CPU
		{D14551FE-4A53-462D-BE12-654A3986900F}.Release|Any CPU.Build.0 = Release|Any CPU
		{2132F557-34AC-4B68-B4EC-8609AD9AC0EC}.Debug|Any CPU.ActiveCfg = Debug|Any CPU
		{2132F557-34AC-4B68-B4EC-8609AD9AC0EC}.Debug|Any CPU.Build.0 = Debug|Any CPU
		{2132F557-34AC-4B68-B4EC-8609AD9AC0EC}.Release|Any CPU.ActiveCfg = Release|Any CPU
		{2132F557-34AC-4B68-B4EC-8609AD9AC0EC}.Release|Any CPU.Build.0 = Release|Any CPU
		{895D9820-1D53-4D5A-AE80-B3CECD91E6F3}.Debug|Any CPU.ActiveCfg = Debug|Any CPU
		{895D9820-1D53-4D5A-AE80-B3CECD91E6F3}.Debug|Any CPU.Build.0 = Debug|Any CPU
		{895D9820-1D53-4D5A-AE80-B3CECD91E6F3}.Release|Any CPU.ActiveCfg = Release|Any CPU
		{895D9820-1D53-4D5A-AE80-B3CECD91E6F3}.Release|Any CPU.Build.0 = Release|Any CPU
		{1C9457D1-23E7-419A-BD14-DC2381D4BE98}.Debug|Any CPU.ActiveCfg = Debug|Any CPU
		{1C9457D1-23E7-419A-BD14-DC2381D4BE98}.Debug|Any CPU.Build.0 = Debug|Any CPU
		{1C9457D1-23E7-419A-BD14-DC2381D4BE98}.Release|Any CPU.ActiveCfg = Release|Any CPU
		{1C9457D1-23E7-419A-BD14-DC2381D4BE98}.Release|Any CPU.Build.0 = Release|Any CPU
		{B013F9B7-6FBC-479A-80AE-CC127B9DA794}.Debug|Any CPU.ActiveCfg = Debug|Any CPU
		{B013F9B7-6FBC-479A-80AE-CC127B9DA794}.Debug|Any CPU.Build.0 = Debug|Any CPU
		{B013F9B7-6FBC-479A-80AE-CC127B9DA794}.Release|Any CPU.ActiveCfg = Release|Any CPU
		{B013F9B7-6FBC-479A-80AE-CC127B9DA794}.Release|Any CPU.Build.0 = Release|Any CPU
	EndGlobalSection
	GlobalSection(SolutionProperties) = preSolution
		HideSolutionNode = FALSE
	EndGlobalSection
	GlobalSection(ExtensibilityGlobals) = postSolution
		SolutionGuid = {9E8E235B-F96C-41E9-81FE-FEE9E77FC9FF}
	EndGlobalSection
EndGlobal
